
Microsoft Visual Studio Solution File, Format Version 12.00
# Visual Studio Version 16
VisualStudioVersion = 16.0.31515.178
MinimumVisualStudioVersion = 10.0.40219.1
Project("{FAE04EC0-301F-11D3-BF4B-00C04F79EFBC}") = "Development_Technologies", "Development_Technologies\Development_Technologies.csproj", "{38917A08-9BED-4784-BF81-B9C210D48C8A}"
EndProject
Project("{FAE04EC0-301F-11D3-BF4B-00C04F79EFBC}") = "Spusk", "Spusk\Spusk.csproj", "{206DABF3-BE27-4910-B53D-412A6A1DC846}"
EndProject
Project("{FAE04EC0-301F-11D3-BF4B-00C04F79EFBC}") = "CustomDictionary", "CustomDictionary\CustomDictionary.csproj", "{EDF032AA-C8DD-4741-93A6-8B719AE8C8CD}"
EndProject
Project("{FAE04EC0-301F-11D3-BF4B-00C04F79EFBC}") = "Hashtable", "Hashtable\Hashtable.csproj", "{08CFC091-5A9F-4254-9C40-9AECB8598619}"
EndProject
Global
	GlobalSection(SolutionConfigurationPlatforms) = preSolution
		Debug|Any CPU = Debug|Any CPU
		Release|Any CPU = Release|Any CPU
	EndGlobalSection
	GlobalSection(ProjectConfigurationPlatforms) = postSolution
		{38917A08-9BED-4784-BF81-B9C210D48C8A}.Debug|Any CPU.ActiveCfg = Debug|Any CPU
		{38917A08-9BED-4784-BF81-B9C210D48C8A}.Debug|Any CPU.Build.0 = Debug|Any CPU
		{38917A08-9BED-4784-BF81-B9C210D48C8A}.Release|Any CPU.ActiveCfg = Release|Any CPU
		{38917A08-9BED-4784-BF81-B9C210D48C8A}.Release|Any CPU.Build.0 = Release|Any CPU
		{206DABF3-BE27-4910-B53D-412A6A1DC846}.Debug|Any CPU.ActiveCfg = Debug|Any CPU
		{206DABF3-BE27-4910-B53D-412A6A1DC846}.Debug|Any CPU.Build.0 = Debug|Any CPU
		{206DABF3-BE27-4910-B53D-412A6A1DC846}.Release|Any CPU.ActiveCfg = Release|Any CPU
		{206DABF3-BE27-4910-B53D-412A6A1DC846}.Release|Any CPU.Build.0 = Release|Any CPU
		{EDF032AA-C8DD-4741-93A6-8B719AE8C8CD}.Debug|Any CPU.ActiveCfg = Debug|Any CPU
		{EDF032AA-C8DD-4741-93A6-8B719AE8C8CD}.Debug|Any CPU.Build.0 = Debug|Any CPU
		{EDF032AA-C8DD-4741-93A6-8B719AE8C8CD}.Release|Any CPU.ActiveCfg = Release|Any CPU
		{EDF032AA-C8DD-4741-93A6-8B719AE8C8CD}.Release|Any CPU.Build.0 = Release|Any CPU
		{08CFC091-5A9F-4254-9C40-9AECB8598619}.Debug|Any CPU.ActiveCfg = Debug|Any CPU
		{08CFC091-5A9F-4254-9C40-9AECB8598619}.Debug|Any CPU.Build.0 = Debug|Any CPU
		{08CFC091-5A9F-4254-9C40-9AECB8598619}.Release|Any CPU.ActiveCfg = Release|Any CPU
		{08CFC091-5A9F-4254-9C40-9AECB8598619}.Release|Any CPU.Build.0 = Release|Any CPU
	EndGlobalSection
	GlobalSection(SolutionProperties) = preSolution
		HideSolutionNode = FALSE
	EndGlobalSection
	GlobalSection(ExtensibilityGlobals) = postSolution
		SolutionGuid = {89025B42-BA92-440E-837A-F68421739A24}
	EndGlobalSection
EndGlobal
